// !$*UTF8*$!
{
	archiveVersion = 1;
	classes = {
	};
	objectVersion = 46;
	objects = {

/* Begin PBXBuildFile section */
		188A1FEB197DF9C0004F8CBE /* Foundation.framework in Frameworks */ = {isa = PBXBuildFile; fileRef = 188A1FEA197DF9C0004F8CBE /* Foundation.framework */; };
		188A1FED197DF9C0004F8CBE /* CoreGraphics.framework in Frameworks */ = {isa = PBXBuildFile; fileRef = 188A1FEC197DF9C0004F8CBE /* CoreGraphics.framework */; };
		188A1FEF197DF9C0004F8CBE /* UIKit.framework in Frameworks */ = {isa = PBXBuildFile; fileRef = 188A1FEE197DF9C0004F8CBE /* UIKit.framework */; };
		188A1FF5197DF9C0004F8CBE /* InfoPlist.strings in Resources */ = {isa = PBXBuildFile; fileRef = 188A1FF3197DF9C0004F8CBE /* InfoPlist.strings */; };
		188A1FF7197DF9C0004F8CBE /* main.m in Sources */ = {isa = PBXBuildFile; fileRef = 188A1FF6197DF9C0004F8CBE /* main.m */; };
		188A1FFB197DF9C0004F8CBE /* AppDelegate.m in Sources */ = {isa = PBXBuildFile; fileRef = 188A1FFA197DF9C0004F8CBE /* AppDelegate.m */; };
		188A1FFD197DF9C0004F8CBE /* Images.xcassets in Resources */ = {isa = PBXBuildFile; fileRef = 188A1FFC197DF9C0004F8CBE /* Images.xcassets */; };
		188A2004197DF9C0004F8CBE /* XCTest.framework in Frameworks */ = {isa = PBXBuildFile; fileRef = 188A2003197DF9C0004F8CBE /* XCTest.framework */; };
		188A2005197DF9C0004F8CBE /* Foundation.framework in Frameworks */ = {isa = PBXBuildFile; fileRef = 188A1FEA197DF9C0004F8CBE /* Foundation.framework */; };
		188A2006197DF9C0004F8CBE /* UIKit.framework in Frameworks */ = {isa = PBXBuildFile; fileRef = 188A1FEE197DF9C0004F8CBE /* UIKit.framework */; };
		188A200E197DF9C0004F8CBE /* InfoPlist.strings in Resources */ = {isa = PBXBuildFile; fileRef = 188A200C197DF9C0004F8CBE /* InfoPlist.strings */; };
		188A2010197DF9C0004F8CBE /* TeacherTests.m in Sources */ = {isa = PBXBuildFile; fileRef = 188A200F197DF9C0004F8CBE /* TeacherTests.m */; };
/* End PBXBuildFile section */

/* Begin PBXContainerItemProxy section */
		188A2007197DF9C0004F8CBE /* PBXContainerItemProxy */ = {
			isa = PBXContainerItemProxy;
			containerPortal = 188A1FDF197DF9C0004F8CBE /* Project object */;
			proxyType = 1;
			remoteGlobalIDString = 188A1FE6197DF9C0004F8CBE;
			remoteInfo = Teacher;
		};
/* End PBXContainerItemProxy section */

/* Begin PBXFileReference section */
		188A1FE7197DF9C0004F8CBE /* Teacher.app */ = {isa = PBXFileReference; explicitFileType = wrapper.application; includeInIndex = 0; path = Teacher.app; sourceTree = BUILT_PRODUCTS_DIR; };
		188A1FEA197DF9C0004F8CBE /* Foundation.framework */ = {isa = PBXFileReference; lastKnownFileType = wrapper.framework; name = Foundation.framework; path = System/Library/Frameworks/Foundation.framework; sourceTree = SDKROOT; };
		188A1FEC197DF9C0004F8CBE /* CoreGraphics.framework */ = {isa = PBXFileReference; lastKnownFileType = wrapper.framework; name = CoreGraphics.framework; path = System/Library/Frameworks/CoreGraphics.framework; sourceTree = SDKROOT; };
		188A1FEE197DF9C0004F8CBE /* UIKit.framework */ = {isa = PBXFileReference; lastKnownFileType = wrapper.framework; name = UIKit.framework; path = System/Library/Frameworks/UIKit.framework; sourceTree = SDKROOT; };
		188A1FF2197DF9C0004F8CBE /* Teacher-Info.plist */ = {isa = PBXFileReference; lastKnownFileType = text.plist.xml; path = "Teacher-Info.plist"; sourceTree = "<group>"; };
		188A1FF4197DF9C0004F8CBE /* en */ = {isa = PBXFileReference; lastKnownFileType = text.plist.strings; name = en; path = en.lproj/InfoPlist.strings; sourceTree = "<group>"; };
		188A1FF6197DF9C0004F8CBE /* main.m */ = {isa = PBXFileReference; lastKnownFileType = sourcecode.c.objc; path = main.m; sourceTree = "<group>"; };
		188A1FF8197DF9C0004F8CBE /* Teacher-Prefix.pch */ = {isa = PBXFileReference; lastKnownFileType = sourcecode.c.h; path = "Teacher-Prefix.pch"; sourceTree = "<group>"; };
		188A1FF9197DF9C0004F8CBE /* AppDelegate.h */ = {isa = PBXFileReference; lastKnownFileType = sourcecode.c.h; path = AppDelegate.h; sourceTree = "<group>"; };
		188A1FFA197DF9C0004F8CBE /* AppDelegate.m */ = {isa = PBXFileReference; lastKnownFileType = sourcecode.c.objc; path = AppDelegate.m; sourceTree = "<group>"; };
		188A1FFC197DF9C0004F8CBE /* Images.xcassets */ = {isa = PBXFileReference; lastKnownFileType = folder.assetcatalog; path = Images.xcassets; sourceTree = "<group>"; };
		188A2002197DF9C0004F8CBE /* TeacherTests.xctest */ = {isa = PBXFileReference; explicitFileType = wrapper.cfbundle; includeInIndex = 0; path = TeacherTests.xctest; sourceTree = BUILT_PRODUCTS_DIR; };
		188A2003197DF9C0004F8CBE /* XCTest.framework */ = {isa = PBXFileReference; lastKnownFileType = wrapper.framework; name = XCTest.framework; path = Library/Frameworks/XCTest.framework; sourceTree = DEVELOPER_DIR; };
		188A200B197DF9C0004F8CBE /* TeacherTests-Info.plist */ = {isa = PBXFileReference; lastKnownFileType = text.plist.xml; path = "TeacherTests-Info.plist"; sourceTree = "<group>"; };
		188A200D197DF9C0004F8CBE /* en */ = {isa = PBXFileReference; lastKnownFileType = text.plist.strings; name = en; path = en.lproj/InfoPlist.strings; sourceTree = "<group>"; };
		188A200F197DF9C0004F8CBE /* TeacherTests.m */ = {isa = PBXFileReference; lastKnownFileType = sourcecode.c.objc; path = TeacherTests.m; sourceTree = "<group>"; };
/* End PBXFileReference section */

/* Begin PBXFrameworksBuildPhase section */
		188A1FE4197DF9C0004F8CBE /* Frameworks */ = {
			isa = PBXFrameworksBuildPhase;
			buildActionMask = 2147483647;
			files = (
				188A1FED197DF9C0004F8CBE /* CoreGraphics.framework in Frameworks */,
				188A1FEF197DF9C0004F8CBE /* UIKit.framework in Frameworks */,
				188A1FEB197DF9C0004F8CBE /* Foundation.framework in Frameworks */,
			);
			runOnlyForDeploymentPostprocessing = 0;
		};
		188A1FFF197DF9C0004F8CBE /* Frameworks */ = {
			isa = PBXFrameworksBuildPhase;
			buildActionMask = 2147483647;
			files = (
				188A2004197DF9C0004F8CBE /* XCTest.framework in Frameworks */,
				188A2006197DF9C0004F8CBE /* UIKit.framework in Frameworks */,
				188A2005197DF9C0004F8CBE /* Foundation.framework in Frameworks */,
			);
			runOnlyForDeploymentPostprocessing = 0;
		};
/* End PBXFrameworksBuildPhase section */

/* Begin PBXGroup section */
		188A1FDE197DF9C0004F8CBE = {
			isa = PBXGroup;
			children = (
				188A1FF0197DF9C0004F8CBE /* Teacher */,
				188A2009197DF9C0004F8CBE /* TeacherTests */,
				188A1FE9197DF9C0004F8CBE /* Frameworks */,
				188A1FE8197DF9C0004F8CBE /* Products */,
			);
			sourceTree = "<group>";
		};
		188A1FE8197DF9C0004F8CBE /* Products */ = {
			isa = PBXGroup;
			children = (
				188A1FE7197DF9C0004F8CBE /* Teacher.app */,
				188A2002197DF9C0004F8CBE /* TeacherTests.xctest */,
			);
			name = Products;
			sourceTree = "<group>";
		};
		188A1FE9197DF9C0004F8CBE /* Frameworks */ = {
			isa = PBXGroup;
			children = (
				188A1FEA197DF9C0004F8CBE /* Foundation.framework */,
				188A1FEC197DF9C0004F8CBE /* CoreGraphics.framework */,
				188A1FEE197DF9C0004F8CBE /* UIKit.framework */,
				188A2003197DF9C0004F8CBE /* XCTest.framework */,
			);
			name = Frameworks;
			sourceTree = "<group>";
		};
		188A1FF0197DF9C0004F8CBE /* Teacher */ = {
			isa = PBXGroup;
			children = (
				188A1FF9197DF9C0004F8CBE /* AppDelegate.h */,
				188A1FFA197DF9C0004F8CBE /* AppDelegate.m */,
				188A1FFC197DF9C0004F8CBE /* Images.xcassets */,
				188A1FF1197DF9C0004F8CBE /* Supporting Files */,
			);
			path = Teacher;
			sourceTree = "<group>";
		};
		188A1FF1197DF9C0004F8CBE /* Supporting Files */ = {
			isa = PBXGroup;
			children = (
				188A1FF2197DF9C0004F8CBE /* Teacher-Info.plist */,
				188A1FF3197DF9C0004F8CBE /* InfoPlist.strings */,
				188A1FF6197DF9C0004F8CBE /* main.m */,
				188A1FF8197DF9C0004F8CBE /* Teacher-Prefix.pch */,
			);
			name = "Supporting Files";
			sourceTree = "<group>";
		};
		188A2009197DF9C0004F8CBE /* TeacherTests */ = {
			isa = PBXGroup;
			children = (
				188A200F197DF9C0004F8CBE /* TeacherTests.m */,
				188A200A197DF9C0004F8CBE /* Supporting Files */,
			);
			path = TeacherTests;
			sourceTree = "<group>";
		};
		188A200A197DF9C0004F8CBE /* Supporting Files */ = {
			isa = PBXGroup;
			children = (
				188A200B197DF9C0004F8CBE /* TeacherTests-Info.plist */,
				188A200C197DF9C0004F8CBE /* InfoPlist.strings */,
			);
			name = "Supporting Files";
			sourceTree = "<group>";
		};
/* End PBXGroup section */

/* Begin PBXNativeTarget section */
		188A1FE6197DF9C0004F8CBE /* Teacher */ = {
			isa = PBXNativeTarget;
			buildConfigurationList = 188A2013197DF9C0004F8CBE /* Build configuration list for PBXNativeTarget "Teacher" */;
			buildPhases = (
				188A1FE3197DF9C0004F8CBE /* Sources */,
				188A1FE4197DF9C0004F8CBE /* Frameworks */,
				188A1FE5197DF9C0004F8CBE /* Resources */,
			);
			buildRules = (
			);
			dependencies = (
			);
			name = Teacher;
			productName = Teacher;
			productReference = 188A1FE7197DF9C0004F8CBE /* Teacher.app */;
			productType = "com.apple.product-type.application";
		};
		188A2001197DF9C0004F8CBE /* TeacherTests */ = {
			isa = PBXNativeTarget;
			buildConfigurationList = 188A2016197DF9C0004F8CBE /* Build configuration list for PBXNativeTarget "TeacherTests" */;
			buildPhases = (
				188A1FFE197DF9C0004F8CBE /* Sources */,
				188A1FFF197DF9C0004F8CBE /* Frameworks */,
				188A2000197DF9C0004F8CBE /* Resources */,
			);
			buildRules = (
			);
			dependencies = (
				188A2008197DF9C0004F8CBE /* PBXTargetDependency */,
			);
			name = TeacherTests;
			productName = TeacherTests;
			productReference = 188A2002197DF9C0004F8CBE /* TeacherTests.xctest */;
			productType = "com.apple.product-type.bundle.unit-test";
		};
/* End PBXNativeTarget section */

/* Begin PBXProject section */
		188A1FDF197DF9C0004F8CBE /* Project object */ = {
			isa = PBXProject;
			attributes = {
				LastUpgradeCheck = 0510;
				ORGANIZATIONNAME = apple;
				TargetAttributes = {
					188A2001197DF9C0004F8CBE = {
						TestTargetID = 188A1FE6197DF9C0004F8CBE;
					};
				};
			};
			buildConfigurationList = 188A1FE2197DF9C0004F8CBE /* Build configuration list for PBXProject "Teacher" */;
			compatibilityVersion = "Xcode 3.2";
			developmentRegion = English;
			hasScannedForEncodings = 0;
			knownRegions = (
				en,
			);
			mainGroup = 188A1FDE197DF9C0004F8CBE;
			productRefGroup = 188A1FE8197DF9C0004F8CBE /* Products */;
			projectDirPath = "";
			projectRoot = "";
			targets = (
				188A1FE6197DF9C0004F8CBE /* Teacher */,
				188A2001197DF9C0004F8CBE /* TeacherTests */,
			);
		};
/* End PBXProject section */

/* Begin PBXResourcesBuildPhase section */
		188A1FE5197DF9C0004F8CBE /* Resources */ = {
			isa = PBXResourcesBuildPhase;
			buildActionMask = 2147483647;
			files = (
				188A1FF5197DF9C0004F8CBE /* InfoPlist.strings in Resources */,
				188A1FFD197DF9C0004F8CBE /* Images.xcassets in Resources */,
			);
			runOnlyForDeploymentPostprocessing = 0;
		};
		188A2000197DF9C0004F8CBE /* Resources */ = {
			isa = PBXResourcesBuildPhase;
			buildActionMask = 2147483647;
			files = (
				188A200E197DF9C0004F8CBE /* InfoPlist.strings in Resources */,
			);
			runOnlyForDeploymentPostprocessing = 0;
		};
/* End PBXResourcesBuildPhase section */

/* Begin PBXSourcesBuildPhase section */
		188A1FE3197DF9C0004F8CBE /* Sources */ = {
			isa = PBXSourcesBuildPhase;
			buildActionMask = 2147483647;
			files = (
				188A1FFB197DF9C0004F8CBE /* AppDelegate.m in Sources */,
				188A1FF7197DF9C0004F8CBE /* main.m in Sources */,
			);
			runOnlyForDeploymentPostprocessing = 0;
		};
		188A1FFE197DF9C0004F8CBE /* Sources */ = {
			isa = PBXSourcesBuildPhase;
			buildActionMask = 2147483647;
			files = (
				188A2010197DF9C0004F8CBE /* TeacherTests.m in Sources */,
			);
			runOnlyForDeploymentPostprocessing = 0;
		};
/* End PBXSourcesBuildPhase section */

/* Begin PBXTargetDependency section */
		188A2008197DF9C0004F8CBE /* PBXTargetDependency */ = {
			isa = PBXTargetDependency;
			target = 188A1FE6197DF9C0004F8CBE /* Teacher */;
			targetProxy = 188A2007197DF9C0004F8CBE /* PBXContainerItemProxy */;
		};
/* End PBXTargetDependency section */

/* Begin PBXVariantGroup section */
		188A1FF3197DF9C0004F8CBE /* InfoPlist.strings */ = {
			isa = PBXVariantGroup;
			children = (
				188A1FF4197DF9C0004F8CBE /* en */,
			);
			name = InfoPlist.strings;
			sourceTree = "<group>";
		};
		188A200C197DF9C0004F8CBE /* InfoPlist.strings */ = {
			isa = PBXVariantGroup;
			children = (
				188A200D197DF9C0004F8CBE /* en */,
			);
			name = InfoPlist.strings;
			sourceTree = "<group>";
		};
/* End PBXVariantGroup section */

/* Begin XCBuildConfiguration section */
		188A2011197DF9C0004F8CBE /* Debug */ = {
			isa = XCBuildConfiguration;
			buildSettings = {
				ALWAYS_SEARCH_USER_PATHS = NO;
				CLANG_CXX_LANGUAGE_STANDARD = "gnu++0x";
				CLANG_CXX_LIBRARY = "libc++";
				CLANG_ENABLE_MODULES = YES;
				CLANG_ENABLE_OBJC_ARC = YES;
				CLANG_WARN_BOOL_CONVERSION = YES;
				CLANG_WARN_CONSTANT_CONVERSION = YES;
				CLANG_WARN_DIRECT_OBJC_ISA_USAGE = YES_ERROR;
				CLANG_WARN_EMPTY_BODY = YES;
				CLANG_WARN_ENUM_CONVERSION = YES;
				CLANG_WARN_INT_CONVERSION = YES;
				CLANG_WARN_OBJC_ROOT_CLASS = YES_ERROR;
				CLANG_WARN__DUPLICATE_METHOD_MATCH = YES;
				"CODE_SIGN_IDENTITY[sdk=iphoneos*]" = "iPhone Developer";
				COPY_PHASE_STRIP = NO;
				GCC_C_LANGUAGE_STANDARD = gnu99;
				GCC_DYNAMIC_NO_PIC = NO;
				GCC_OPTIMIZATION_LEVEL = 0;
				GCC_PREPROCESSOR_DEFINITIONS = (
					"DEBUG=1",
					"$(inherited)",
				);
				GCC_SYMBOLS_PRIVATE_EXTERN = NO;
				GCC_WARN_64_TO_32_BIT_CONVERSION = YES;
				GCC_WARN_ABOUT_RETURN_TYPE = YES_ERROR;
				GCC_WARN_UNDECLARED_SELECTOR = YES;
				GCC_WARN_UNINITIALIZED_AUTOS = YES_AGGRESSIVE;
				GCC_WARN_UNUSED_FUNCTION = YES;
				GCC_WARN_UNUSED_VARIABLE = YES;
				IPHONEOS_DEPLOYMENT_TARGET = 7.1;
				ONLY_ACTIVE_ARCH = YES;
				SDKROOT = iphoneos;
				TARGETED_DEVICE_FAMILY = "1,2";
			};
			name = Debug;
		};
		188A2012197DF9C0004F8CBE /* Release */ = {
			isa = XCBuildConfiguration;
			buildSettings = {
				ALWAYS_SEARCH_USER_PATHS = NO;
				CLANG_CXX_LANGUAGE_STANDARD = "gnu++0x";
				CLANG_CXX_LIBRARY = "libc++";
				CLANG_ENABLE_MODULES = YES;
				CLANG_ENABLE_OBJC_ARC = YES;
				CLANG_WARN_BOOL_CONVERSION = YES;
				CLANG_WARN_CONSTANT_CONVERSION = YES;
				CLANG_WARN_DIRECT_OBJC_ISA_USAGE = YES_ERROR;
				CLANG_WARN_EMPTY_BODY = YES;
				CLANG_WARN_ENUM_CONVERSION = YES;
				CLANG_WARN_INT_CONVERSION = YES;
				CLANG_WARN_OBJC_ROOT_CLASS = YES_ERROR;
				CLANG_WARN__DUPLICATE_METHOD_MATCH = YES;
				"CODE_SIGN_IDENTITY[sdk=iphoneos*]" = "iPhone Developer";
				COPY_PHASE_STRIP = YES;
				ENABLE_NS_ASSERTIONS = NO;
				GCC_C_LANGUAGE_STANDARD = gnu99;
				GCC_WARN_64_TO_32_BIT_CONVERSION = YES;
				GCC_WARN_ABOUT_RETURN_TYPE = YES_ERROR;
				GCC_WARN_UNDECLARED_SELECTOR = YES;
				GCC_WARN_UNINITIALIZED_AUTOS = YES_AGGRESSIVE;
				GCC_WARN_UNUSED_FUNCTION = YES;
				GCC_WARN_UNUSED_VARIABLE = YES;
				IPHONEOS_DEPLOYMENT_TARGET = 7.1;
				SDKROOT = iphoneos;
				TARGETED_DEVICE_FAMILY = "1,2";
				VALIDATE_PRODUCT = YES;
			};
			name = Release;
		};
		188A2014197DF9C0004F8CBE /* Debug */ = {
			isa = XCBuildConfiguration;
			buildSettings = {
				ASSETCATALOG_COMPILER_APPICON_NAME = AppIcon;
				ASSETCATALOG_COMPILER_LAUNCHIMAGE_NAME = LaunchImage;
				GCC_PRECOMPILE_PREFIX_HEADER = YES;
				GCC_PREFIX_HEADER = "Teacher/Teacher-Prefix.pch";
				INFOPLIST_FILE = "Teacher/Teacher-Info.plist";
				PRODUCT_NAME = "$(TARGET_NAME)";
				WRAPPER_EXTENSION = app;
			};
			name = Debug;
		};
		188A2015197DF9C0004F8CBE /* Release */ = {
			isa = XCBuildConfiguration;
			buildSettings = {
				ASSETCATALOG_COMPILER_APPICON_NAME = AppIcon;
				ASSETCATALOG_COMPILER_LAUNCHIMAGE_NAME = LaunchImage;
				GCC_PRECOMPILE_PREFIX_HEADER = YES;
				GCC_PREFIX_HEADER = "Teacher/Teacher-Prefix.pch";
				INFOPLIST_FILE = "Teacher/Teacher-Info.plist";
				PRODUCT_NAME = "$(TARGET_NAME)";
				WRAPPER_EXTENSION = app;
			};
			name = Release;
		};
		188A2017197DF9C0004F8CBE /* Debug */ = {
			isa = XCBuildConfiguration;
			buildSettings = {
				BUNDLE_LOADER = "$(BUILT_PRODUCTS_DIR)/Teacher.app/Teacher";
				FRAMEWORK_SEARCH_PATHS = (
					"$(SDKROOT)/Developer/Library/Frameworks",
					"$(inherited)",
					"$(DEVELOPER_FRAMEWORKS_DIR)",
				);
				GCC_PRECOMPILE_PREFIX_HEADER = YES;
				GCC_PREFIX_HEADER = "Teacher/Teacher-Prefix.pch";
				GCC_PREPROCESSOR_DEFINITIONS = (
					"DEBUG=1",
					"$(inherited)",
				);
				INFOPLIST_FILE = "TeacherTests/TeacherTests-Info.plist";
				PRODUCT_NAME = "$(TARGET_NAME)";
				TEST_HOST = "$(BUNDLE_LOADER)";
				WRAPPER_EXTENSION = xctest;
			};
			name = Debug;
		};
		188A2018197DF9C0004F8CBE /* Release */ = {
			isa = XCBuildConfiguration;
			buildSettings = {
				BUNDLE_LOADER = "$(BUILT_PRODUCTS_DIR)/Teacher.app/Teacher";
				FRAMEWORK_SEARCH_PATHS = (
					"$(SDKROOT)/Developer/Library/Frameworks",
					"$(inherited)",
					"$(DEVELOPER_FRAMEWORKS_DIR)",
				);
				GCC_PRECOMPILE_PREFIX_HEADER = YES;
				GCC_PREFIX_HEADER = "Teacher/Teacher-Prefix.pch";
				INFOPLIST_FILE = "TeacherTests/TeacherTests-Info.plist";
				PRODUCT_NAME = "$(TARGET_NAME)";
				TEST_HOST = "$(BUNDLE_LOADER)";
				WRAPPER_EXTENSION = xctest;
			};
			name = Release;
		};
/* End XCBuildConfiguration section */

/* Begin XCConfigurationList section */
		188A1FE2197DF9C0004F8CBE /* Build configuration list for PBXProject "Teacher" */ = {
			isa = XCConfigurationList;
			buildConfigurations = (
				188A2011197DF9C0004F8CBE /* Debug */,
				188A2012197DF9C0004F8CBE /* Release */,
			);
			defaultConfigurationIsVisible = 0;
			defaultConfigurationName = Release;
		};
		188A2013197DF9C0004F8CBE /* Build configuration list for PBXNativeTarget "Teacher" */ = {
			isa = XCConfigurationList;
			buildConfigurations = (
				188A2014197DF9C0004F8CBE /* Debug */,
				188A2015197DF9C0004F8CBE /* Release */,
			);
			defaultConfigurationIsVisible = 0;
		};
		188A2016197DF9C0004F8CBE /* Build configuration list for PBXNativeTarget "TeacherTests" */ = {
			isa = XCConfigurationList;
			buildConfigurations = (
				188A2017197DF9C0004F8CBE /* Debug */,
				188A2018197DF9C0004F8CBE /* Release */,
			);
			defaultConfigurationIsVisible = 0;
		};
/* End XCConfigurationList section */
	};
	rootObject = 188A1FDF197DF9C0004F8CBE /* Project object */;
}
